Microsoft Visual Studio Solution File, Format Version 12.00
# Visual Studio Version 17
VisualStudioVersion = 17.0.31903.59
MinimumVisualStudioVersion = 10.0.40219.1
Project("{2150E333-8FDC-42A3-9474-1A3956D46DE8}") = "src", "src", "{827E0CD3-B72D-47B6-A68D-7590B98EB39B}"
EndProject
Project("{FAE04EC0-301F-11D3-BF4B-00C04F79EFBC}") = "PChabit.Core", "src\PChabit.Core\PChabit.Core.csproj", "{6686B57C-DEA8-472B-9EF4-993DBFB4304B}"
EndProject
Project("{FAE04EC0-301F-11D3-BF4B-00C04F79EFBC}") = "PChabit.Infrastructure", "src\PChabit.Infrastructure\PChabit.Infrastructure.csproj", "{5A3D1F78-8C69-4CFD-9A50-BD54357A79BB}"
EndProject
Project("{FAE04EC0-301F-11D3-BF4B-00C04F79EFBC}") = "PChabit.Application", "src\PChabit.Application\PChabit.Application.csproj", "{962B9D9A-62D1-499E-A172-71E33EE41B20}"
EndProject
Project("{FAE04EC0-301F-11D3-BF4B-00C04F79EFBC}") = "PChabit.App", "src\PChabit.App\PChabit.App.csproj", "{24B5CC09-40AC-4488-9A5C-88AD21CE6A42}"
EndProject
Project("{FAE04EC0-301F-11D3-BF4B-00C04F79EFBC}") = "PChabit.Tests", "src\PChabit.Tests\PChabit.Tests.csproj", "{47B42147-1FF3-40ED-8327-7A9DAB22E97E}"
EndProject
Global
	GlobalSection(SolutionConfigurationPlatforms) = preSolution
		Debug|x64 = Debug|x64
		Release|x64 = Release|x64
	EndGlobalSection
	GlobalSection(ProjectConfigurationPlatforms) = postSolution
		{6686B57C-DEA8-472B-9EF4-993DBFB4304B}.Debug|x64.ActiveCfg = Debug|x64
		{6686B57C-DEA8-472B-9EF4-993DBFB4304B}.Debug|x64.Build.0 = Debug|x64
		{6686B57C-DEA8-472B-9EF4-993DBFB4304B}.Release|x64.ActiveCfg = Release|x64
		{6686B57C-DEA8-472B-9EF4-993DBFB4304B}.Release|x64.Build.0 = Release|x64
		{5A3D1F78-8C69-4CFD-9A50-BD54357A79BB}.Debug|x64.ActiveCfg = Debug|x64
		{5A3D1F78-8C69-4CFD-9A50-BD54357A79BB}.Debug|x64.Build.0 = Debug|x64
		{5A3D1F78-8C69-4CFD-9A50-BD54357A79BB}.Release|x64.ActiveCfg = Release|x64
		{5A3D1F78-8C69-4CFD-9A50-BD54357A79BB}.Release|x64.Build.0 = Release|x64
		{962B9D9A-62D1-499E-A172-71E33EE41B20}.Debug|x64.ActiveCfg = Debug|x64
		{962B9D9A-62D1-499E-A172-71E33EE41B20}.Debug|x64.Build.0 = Debug|x64
		{962B9D9A-62D1-499E-A172-71E33EE41B20}.Release|x64.ActiveCfg = Release|x64
		{962B9D9A-62D1-499E-A172-71E33EE41B20}.Release|x64.Build.0 = Release|x64
		{24B5CC09-40AC-4488-9A5C-88AD21CE6A42}.Debug|x64.ActiveCfg = Debug|x64
		{24B5CC09-40AC-4488-9A5C-88AD21CE6A42}.Debug|x64.Build.0 = Debug|x64
		{24B5CC09-40AC-4488-9A5C-88AD21CE6A42}.Release|x64.ActiveCfg = Release|x64
		{24B5CC09-40AC-4488-9A5C-88AD21CE6A42}.Release|x64.Build.0 = Release|x64
		{47B42147-1FF3-40ED-8327-7A9DAB22E97E}.Debug|x64.ActiveCfg = Debug|x64
		{47B42147-1FF3-40ED-8327-7A9DAB22E97E}.Debug|x64.Build.0 = Debug|x64
		{47B42147-1FF3-40ED-8327-7A9DAB22E97E}.Release|x64.ActiveCfg = Release|x64
		{47B42147-1FF3-40ED-8327-7A9DAB22E97E}.Release|x64.Build.0 = Release|x64
	EndGlobalSection
	GlobalSection(SolutionProperties) = preSolution
		HideSolutionNode = FALSE
	EndGlobalSection
	GlobalSection(NestedProjects) = preSolution
		{6686B57C-DEA8-472B-9EF4-993DBFB4304B} = {827E0CD3-B72D-47B6-A68D-7590B98EB39B}
		{5A3D1F78-8C69-4CFD-9A50-BD54357A79BB} = {827E0CD3-B72D-47B6-A68D-7590B98EB39B}
		{962B9D9A-62D1-499E-A172-71E33EE41B20} = {827E0CD3-B72D-47B6-A68D-7590B98EB39B}
		{24B5CC09-40AC-4488-9A5C-88AD21CE6A42} = {827E0CD3-B72D-47B6-A68D-7590B98EB39B}
		{47B42147-1FF3-40ED-8327-7A9DAB22E97E} = {827E0CD3-B72D-47B6-A68D-7590B98EB39B}
	EndGlobalSection
EndGlobal
